# THIS IS AN AUTOGENERATED FILE. DO NOT EDIT THIS FILE DIRECTLY.
# yarn lockfile v1


"@types/bindings@^1.3.0":
  version "1.3.0"
  resolved "https://registry.yarnpkg.com/@types/bindings/-/bindings-1.3.0.tgz#e9cd75a96d7abc1ecba0dc7eecb09a9f96cd417c"
  integrity sha512-mTWOE6wC64MoEpv33otJNpQob81l5Pi+NsUkdiiP8EkESraQM94zuus/2s/Vz2Idy1qQkctNINYDZ61nfG1ngQ==

"@types/node@^12.11.5":
  version "12.11.5"
  resolved "https://registry.yarnpkg.com/@types/node/-/node-12.11.5.tgz#6c3c8dc84988aff11fd2a63d7b5fbf39eaaab7b1"
  integrity sha512-LC8ALj/24PhByn39nr5jnTvpE7MujK8y7LQmV74kHYF5iQ0odCPkMH4IZNZw+cobKfSXqaC8GgegcbIsQpffdA==

bindings@^1.3.0:
  version "1.5.0"
  resolved "https://registry.yarnpkg.com/bindings/-/bindings-1.5.0.tgz#10353c9e945334bc0511a6d90b38fbc7c9c504df"
  integrity sha512-p2q/t/mhvuOj/UeLlV6566GD/guowlr0hHxClI0W9m7MWYkL1F0hLo+0Aexs9HSPCtR1SXQ0TD3MMKrXZajbiQ==
  dependencies:
    file-uri-to-path "1.0.0"

file-uri-to-path@1.0.0:
  version "1.0.0"
  resolved "https://registry.yarnpkg.com/file-uri-to-path/-/file-uri-to-path-1.0.0.tgz#553a7b8446ff6f684359c445f1e37a05dacc33dd"
  integrity sha512-0Zt+s3L7Vf1biwWZ29aARiVYLx7iMGnEUl9x33fbB/j3jR81u/O2LbqK+Bm1CDSNDKVtJ/YjwY7TUd5SkeLQLw==

nan@^2.10.0:
  version "2.14.0"
  resolved "https://registry.yarnpkg.com/nan/-/nan-2.14.0.tgz#7818f722027b2459a86f0295d434d1fc2336c52c"
  integrity sha512-INOFj37C7k3AfaNTtX8RhsTw7qRy7eLET14cROi9+5HAVbbHuIWUHEauBv5qT4Av2tWasiTY1Jw6puUNqRJXQg==

node-addon-api@^1.7.1:
  version "1.7.1"
  resolved "https://registry.yarnpkg.com/node-addon-api/-/node-addon-api-1.7.1.tgz#cf813cd69bb8d9100f6bdca6755fc268f54ac492"
  integrity sha512-2+DuKodWvwRTrCfKOeR24KIc5unKjOh8mz17NCzVnHWfjAdDqbfbjqh7gUT+BkXBRQM52+xCHciKWonJ3CbJMQ==

typescript@^3.6.4:
  version "3.6.4"
  resolved "https://registry.yarnpkg.com/typescript/-/typescript-3.6.4.tgz#b18752bb3792bc1a0281335f7f6ebf1bbfc5b91d"
  integrity sha512-unoCll1+l+YK4i4F8f22TaNVPRHcD9PA3yCuZ8g5e0qGqlVlJ/8FSateOLLSagn+Yg5+ZwuPkL8LFUc0Jcvksg==

webrtcvad@^1.0.1:
  version "1.0.1"
  resolved "https://registry.yarnpkg.com/webrtcvad/-/webrtcvad-1.0.1.tgz#862b35c4ed2e7de3f39b268f48ef890ac85e02ce"
  integrity sha512-oLfReCmGMpRducFWKP+o0GpKZLPj0u6qkln3P7wGaEzyjxtBiFuzvK28pmKF5SSihEkC1RGKO7Pi9C4VfY1q4Q==
  dependencies:
    bindings "^1.3.0"
    node-addon-api "^1.7.1"
